
Microsoft Visual Studio Solution File, Format Version 12.00
Project("{9A19103F-16F7-4668-BE54-9A1E7A4F7556}") = "_build", "build\_build.csproj", "{F8D79A6A-266E-4C7E-BCA0-CF8C0028065F}"
EndProject
Project("{FAE04EC0-301F-11D3-BF4B-00C04F79EFBC}") = "BeatSaberModdingTools.Nuke", "src\BeatSaberModdingTools.Nuke\BeatSaberModdingTools.Nuke.csproj", "{56DC9BF4-F18A-4895-9C42-08991CE87496}"
EndProject
Global
	GlobalSection(SolutionConfigurationPlatforms) = preSolution
		Debug|Any CPU = Debug|Any CPU
		Release|Any CPU = Release|Any CPU
	EndGlobalSection
	GlobalSection(ProjectConfigurationPlatforms) = postSolution
		{F8D79A6A-266E-4C7E-BCA0-CF8C0028065F}.Debug|Any CPU.ActiveCfg = Debug|Any CPU
		{F8D79A6A-266E-4C7E-BCA0-CF8C0028065F}.Release|Any CPU.ActiveCfg = Release|Any CPU
		{56DC9BF4-F18A-4895-9C42-08991CE87496}.Debug|Any CPU.ActiveCfg = Debug|Any CPU
		{56DC9BF4-F18A-4895-9C42-08991CE87496}.Debug|Any CPU.Build.0 = Debug|Any CPU
		{56DC9BF4-F18A-4895-9C42-08991CE87496}.Release|Any CPU.ActiveCfg = Release|Any CPU
		{56DC9BF4-F18A-4895-9C42-08991CE87496}.Release|Any CPU.Build.0 = Release|Any CPU
	EndGlobalSection
EndGlobal
